lockfileVersion: '9.0'

settings:
  autoInstallPeers: true
  excludeLinksFromLockfile: false

importers:

  .:
    dependencies:
      swiper:
        specifier: ^11.1.14
        version: 11.1.14

packages:

  swiper@11.1.14:
    resolution: {integrity: sha512-VbQLQXC04io6AoAjIUWuZwW4MSYozkcP9KjLdrsG/00Q/yiwvhz9RQyt0nHXV10hi9NVnDNy1/wv7Dzq1lkOCQ==}
    engines: {node: '>= 4.7.0'}

snapshots:

  swiper@11.1.14: {}
