lockfileVersion: '9.0'

settings:
  autoInstallPeers: true
  excludeLinksFromLockfile: false

importers:

  .:
    dependencies:
      '@paystack/inline-js':
        specifier: ^2.20.3
        version: 2.20.3

packages:

  '@paystack/inline-js@2.20.3':
    resolution: {integrity: sha512-kQn+x7WLkLUiExMvt+Favw94wCkdXh7z3BemG3vwiDZ8fBXHsr7r/eXnb15j2sS8Fqf2Vh9waSAwXZcB4iPuKA==}
    engines: {node: '>= 18.0.0', npm: '>= 10.0.0'}

snapshots:

  '@paystack/inline-js@2.20.3': {}
